
Microsoft Visual Studio Solution File, Format Version 12.00
# Visual Studio Version 16
VisualStudioVersion = 16.0.31019.35
MinimumVisualStudioVersion = 10.0.40219.1
Project("{FAE04EC0-301F-11D3-BF4B-00C04F79EFBC}") = "ffmpeg test", "ffmpeg test.csproj", "{6C065193-12D1-4ACE-BB65-F7AFAE0AF977}"
EndProject
Global
	GlobalSection(SolutionConfigurationPlatforms) = preSolution
		Debug|Any CPU = Debug|Any CPU
		Release|Any CPU = Release|Any CPU
	EndGlobalSection
	GlobalSection(ProjectConfigurationPlatforms) = postSolution
		{6C065193-12D1-4ACE-BB65-F7AFAE0AF977}.Debug|Any CPU.ActiveCfg = Debug|Any CPU
		{6C065193-12D1-4ACE-BB65-F7AFAE0AF977}.Debug|Any CPU.Build.0 = Debug|Any CPU
		{6C065193-12D1-4ACE-BB65-F7AFAE0AF977}.Release|Any CPU.ActiveCfg = Release|Any CPU
		{6C065193-12D1-4ACE-BB65-F7AFAE0AF977}.Release|Any CPU.Build.0 = Release|Any CPU
	EndGlobalSection
	GlobalSection(SolutionProperties) = preSolution
		HideSolutionNode = FALSE
	EndGlobalSection
	GlobalSection(ExtensibilityGlobals) = postSolution
		SolutionGuid = {80FC31F5-F2C6-4B7E-BB19-B33D9AAFF6F0}
	EndGlobalSection
EndGlobal
